
Microsoft Visual Studio Solution File, Format Version 12.00
# Visual Studio Version 16
VisualStudioVersion = 16.0.31005.135
MinimumVisualStudioVersion = 10.0.40219.1
Project("{FAE04EC0-301F-11D3-BF4B-00C04F79EFBC}") = "Server", "Server.csproj", "{B00CB636-EB92-425A-8CE2-B4B4E8835660}"
EndProject
Global
	GlobalSection(SolutionConfigurationPlatforms) = preSolution
		Debug|Any CPU = Debug|Any CPU
		Release|Any CPU = Release|Any CPU
	EndGlobalSection
	GlobalSection(ProjectConfigurationPlatforms) = postSolution
		{B00CB636-EB92-425A-8CE2-B4B4E8835660}.Debug|Any CPU.ActiveCfg = Debug|Any CPU
		{B00CB636-EB92-425A-8CE2-B4B4E8835660}.Debug|Any CPU.Build.0 = Debug|Any CPU
		{B00CB636-EB92-425A-8CE2-B4B4E8835660}.Release|Any CPU.ActiveCfg = Release|Any CPU
		{B00CB636-EB92-425A-8CE2-B4B4E8835660}.Release|Any CPU.Build.0 = Release|Any CPU
	EndGlobalSection
	GlobalSection(SolutionProperties) = preSolution
		HideSolutionNode = FALSE
	EndGlobalSection
	GlobalSection(ExtensibilityGlobals) = postSolution
		SolutionGuid = {AB90BFEF-C1FD-4516-BBCF-815B2C439FAE}
	EndGlobalSection
EndGlobal
